// !$*UTF8*$!
{
	archiveVersion = 1;
	classes = {
	};
	objectVersion = 50;
	objects = {

/* Begin PBXBuildFile section */
		34181BFF20928AEE000C5789 /* Assets.xcassets in Resources */ = {isa = PBXBuildFile; fileRef = 34181BFE20928AEE000C5789 /* Assets.xcassets */; };
		34181C0120928F94000C5789 /* shoot.mp3 in Resources */ = {isa = PBXBuildFile; fileRef = 34181C0020928F94000C5789 /* shoot.mp3 */; };
		344D92682091B8B400553719 /* Bullet.swift in Sources */ = {isa = PBXBuildFile; fileRef = 344D92652091B8B300553719 /* Bullet.swift */; };
		344D92692091B8B400553719 /* Plane.swift in Sources */ = {isa = PBXBuildFile; fileRef = 344D92662091B8B300553719 /* Plane.swift */; };
		344D926A2091B8B400553719 /* Robot.swift in Sources */ = {isa = PBXBuildFile; fileRef = 344D92672091B8B400553719 /* Robot.swift */; };
		344D926D2091B8CB00553719 /* explosion.mp3 in Resources */ = {isa = PBXBuildFile; fileRef = 344D926C2091B8CB00553719 /* explosion.mp3 */; };
		344D926F2091BA7300553719 /* GameViewController+ARSCNViewDelegate.swift in Sources */ = {isa = PBXBuildFile; fileRef = 344D926E2091BA7300553719 /* GameViewController+ARSCNViewDelegate.swift */; };
		344D92712091BE2100553719 /* Utilities.swift in Sources */ = {isa = PBXBuildFile; fileRef = 344D92702091BE2100553719 /* Utilities.swift */; };
		344D92732091D2BE00553719 /* Sun.swift in Sources */ = {isa = PBXBuildFile; fileRef = 344D92722091D2BE00553719 /* Sun.swift */; };
		344D92752091FFE900553719 /* ChallengeGame.swift in Sources */ = {isa = PBXBuildFile; fileRef = 344D92742091FFE900553719 /* ChallengeGame.swift */; };
		344D92772092016E00553719 /* Challenges.plist in Resources */ = {isa = PBXBuildFile; fileRef = 344D92762092016E00553719 /* Challenges.plist */; };
		344D9279209218E600553719 /* ChallengeInfo.swift in Sources */ = {isa = PBXBuildFile; fileRef = 344D9278209218E600553719 /* ChallengeInfo.swift */; };
		344D927B209229C900553719 /* GameViewController+SCNPhysicsContactDelegate.swift in Sources */ = {isa = PBXBuildFile; fileRef = 344D927A209229C900553719 /* GameViewController+SCNPhysicsContactDelegate.swift */; };
		34A4984E2091B3080070A2F9 /* AppDelegate.swift in Sources */ = {isa = PBXBuildFile; fileRef = 34A4984D2091B3080070A2F9 /* AppDelegate.swift */; };
		34A498502091B3080070A2F9 /* art.scnassets in Resources */ = {isa = PBXBuildFile; fileRef = 34A4984F2091B3080070A2F9 /* art.scnassets */; };
		34A498522091B3080070A2F9 /* GameViewController.swift in Sources */ = {isa = PBXBuildFile; fileRef = 34A498512091B3080070A2F9 /* GameViewController.swift */; };
		34A498552091B3080070A2F9 /* Main.storyboard in Resources */ = {isa = PBXBuildFile; fileRef = 34A498532091B3080070A2F9 /* Main.storyboard */; };
		34A4985A2091B30A0070A2F9 /* LaunchScreen.storyboard in Resources */ = {isa = PBXBuildFile; fileRef = 34A498582091B30A0070A2F9 /* LaunchScreen.storyboard */; };
		34A498662091B3E10070A2F9 /* MainViewController.swift in Sources */ = {isa = PBXBuildFile; fileRef = 34A498652091B3E10070A2F9 /* MainViewController.swift */; };
		34F1AD3E2092749800975215 /* splash.mp3 in Resources */ = {isa = PBXBuildFile; fileRef = 34F1AD3D2092749800975215 /* splash.mp3 */; };
		503DF64B2091B92600160F4D /* CollectionViewCell.xib in Resources */ = {isa = PBXBuildFile; fileRef = 503DF6482091B92500160F4D /* CollectionViewCell.xib */; };
		503DF64C2091B92600160F4D /* CollectionViewCell.swift in Sources */ = {isa = PBXBuildFile; fileRef = 503DF6492091B92600160F4D /* CollectionViewCell.swift */; };
		503DF64D2091B92600160F4D /* ChallengeInfoViewController.swift in Sources */ = {isa = PBXBuildFile; fileRef = 503DF64A2091B92600160F4D /* ChallengeInfoViewController.swift */; };
		503DF64F2091D88700160F4D /* QRScannerController.swift in Sources */ = {isa = PBXBuildFile; fileRef = 503DF64E2091D88700160F4D /* QRScannerController.swift */; };
		503DF653209221C200160F4D /* autodestructbb_bold.ttf in Resources */ = {isa = PBXBuildFile; fileRef = 503DF651209221C100160F4D /* autodestructbb_bold.ttf */; };
		503DF654209221C200160F4D /* autodestructbb_reg.ttf in Resources */ = {isa = PBXBuildFile; fileRef = 503DF652209221C100160F4D /* autodestructbb_reg.ttf */; };
		503DF656209236D100160F4D /* SuccessViewController.swift in Sources */ = {isa = PBXBuildFile; fileRef = 503DF655209236D100160F4D /* SuccessViewController.swift */; };
		FFFF762D8B53DBA8B91521DC /* Pods_Challenged.framework in Frameworks */ = {isa = PBXBuildFile; fileRef = A47CB71D746CBFB43FFC268B /* Pods_Challenged.framework */; };
/* End PBXBuildFile section */

/* Begin PBXFileReference section */
		34181BFE20928AEE000C5789 /* Assets.xcassets */ = {isa = PBXFileReference; lastKnownFileType = folder.assetcatalog; path = Assets.xcassets; sourceTree = "<group>"; };
		34181C0020928F94000C5789 /* shoot.mp3 */ = {isa = PBXFileReference; lastKnownFileType = audio.mp3; path = shoot.mp3; sourceTree = "<group>"; };
		344D92652091B8B300553719 /* Bullet.swift */ = {isa = PBXFileReference; fileEncoding = 4; lastKnownFileType = sourcecode.swift; path = Bullet.swift; sourceTree = "<group>"; };
		344D92662091B8B300553719 /* Plane.swift */ = {isa = PBXFileReference; fileEncoding = 4; lastKnownFileType = sourcecode.swift; path = Plane.swift; sourceTree = "<group>"; };
		344D92672091B8B400553719 /* Robot.swift */ = {isa = PBXFileReference; fileEncoding = 4; lastKnownFileType = sourcecode.swift; path = Robot.swift; sourceTree = "<group>"; };
		344D926C2091B8CB00553719 /* explosion.mp3 */ = {isa = PBXFileReference; lastKnownFileType = audio.mp3; path = explosion.mp3; sourceTree = "<group>"; };
		344D926E2091BA7300553719 /* GameViewController+ARSCNViewDelegate.swift */ = {isa = PBXFileReference; lastKnownFileType = sourcecode.swift; path = "GameViewController+ARSCNViewDelegate.swift"; sourceTree = "<group>"; };
		344D92702091BE2100553719 /* Utilities.swift */ = {isa = PBXFileReference; lastKnownFileType = sourcecode.swift; path = Utilities.swift; sourceTree = "<group>"; };
		344D92722091D2BE00553719 /* Sun.swift */ = {isa = PBXFileReference; lastKnownFileType = sourcecode.swift; path = Sun.swift; sourceTree = "<group>"; };
		344D92742091FFE900553719 /* ChallengeGame.swift */ = {isa = PBXFileReference; lastKnownFileType = sourcecode.swift; path = ChallengeGame.swift; sourceTree = "<group>"; };
		344D92762092016E00553719 /* Challenges.plist */ = {isa = PBXFileReference; lastKnownFileType = text.plist.xml; path = Challenges.plist; sourceTree = "<group>"; };
		344D9278209218E600553719 /* ChallengeInfo.swift */ = {isa = PBXFileReference; lastKnownFileType = sourcecode.swift; path = ChallengeInfo.swift; sourceTree = "<group>"; };
		344D927A209229C900553719 /* GameViewController+SCNPhysicsContactDelegate.swift */ = {isa = PBXFileReference; lastKnownFileType = sourcecode.swift; path = "GameViewController+SCNPhysicsContactDelegate.swift"; sourceTree = "<group>"; };
		34A4984A2091B3080070A2F9 /* Challenged.app */ = {isa = PBXFileReference; explicitFileType = wrapper.application; includeInIndex = 0; path = Challenged.app; sourceTree = BUILT_PRODUCTS_DIR; };
		34A4984D2091B3080070A2F9 /* AppDelegate.swift */ = {isa = PBXFileReference; lastKnownFileType = sourcecode.swift; path = AppDelegate.swift; sourceTree = "<group>"; };
		34A4984F2091B3080070A2F9 /* art.scnassets */ = {isa = PBXFileReference; lastKnownFileType = wrapper.scnassets; path = art.scnassets; sourceTree = "<group>"; };
		34A498512091B3080070A2F9 /* GameViewController.swift */ = {isa = PBXFileReference; lastKnownFileType = sourcecode.swift; path = GameViewController.swift; sourceTree = "<group>"; };
		34A498542091B3080070A2F9 /* Base */ = {isa = PBXFileReference; lastKnownFileType = file.storyboard; name = Base; path = Base.lproj/Main.storyboard; sourceTree = "<group>"; };
		34A498592091B30A0070A2F9 /* Base */ = {isa = PBXFileReference; lastKnownFileType = file.storyboard; name = Base; path = Base.lproj/LaunchScreen.storyboard; sourceTree = "<group>"; };
		34A4985B2091B30A0070A2F9 /* Info.plist */ = {isa = PBXFileReference; lastKnownFileType = text.plist.xml; path = Info.plist; sourceTree = "<group>"; };
		34A498652091B3E10070A2F9 /* MainViewController.swift */ = {isa = PBXFileReference; lastKnownFileType = sourcecode.swift; path = MainViewController.swift; sourceTree = "<group>"; };
		34F1AD3D2092749800975215 /* splash.mp3 */ = {isa = PBXFileReference; lastKnownFileType = audio.mp3; path = splash.mp3; sourceTree = "<group>"; };
		503DF6482091B92500160F4D /* CollectionViewCell.xib */ = {isa = PBXFileReference; fileEncoding = 4; lastKnownFileType = file.xib; path = CollectionViewCell.xib; sourceTree = "<group>"; };
		503DF6492091B92600160F4D /* CollectionViewCell.swift */ = {isa = PBXFileReference; fileEncoding = 4; lastKnownFileType = sourcecode.swift; path = CollectionViewCell.swift; sourceTree = "<group>"; };
		503DF64A2091B92600160F4D /* ChallengeInfoViewController.swift */ = {isa = PBXFileReference; fileEncoding = 4; lastKnownFileType = sourcecode.swift; path = ChallengeInfoViewController.swift; sourceTree = "<group>"; };
		503DF64E2091D88700160F4D /* QRScannerController.swift */ = {isa = PBXFileReference; fileEncoding = 4; lastKnownFileType = sourcecode.swift; path = QRScannerController.swift; sourceTree = "<group>"; };
		503DF651209221C100160F4D /* autodestructbb_bold.ttf */ = {isa = PBXFileReference; lastKnownFileType = file; path = autodestructbb_bold.ttf; sourceTree = "<group>"; };
		503DF652209221C100160F4D /* autodestructbb_reg.ttf */ = {isa = PBXFileReference; lastKnownFileType = file; path = autodestructbb_reg.ttf; sourceTree = "<group>"; };
		503DF655209236D100160F4D /* SuccessViewController.swift */ = {isa = PBXFileReference; lastKnownFileType = sourcecode.swift; path = SuccessViewController.swift; sourceTree = "<group>"; };
		7AC1D72F28270721795D0BAA /* Pods-Challenged.debug.xcconfig */ = {isa = PBXFileReference; includeInIndex = 1; lastKnownFileType = text.xcconfig; name = "Pods-Challenged.debug.xcconfig"; path = "Pods/Target Support Files/Pods-Challenged/Pods-Challenged.debug.xcconfig"; sourceTree = "<group>"; };
		911554F37AD134A8AA6360E7 /* Pods-Challenged.release.xcconfig */ = {isa = PBXFileReference; includeInIndex = 1; lastKnownFileType = text.xcconfig; name = "Pods-Challenged.release.xcconfig"; path = "Pods/Target Support Files/Pods-Challenged/Pods-Challenged.release.xcconfig"; sourceTree = "<group>"; };
		A47CB71D746CBFB43FFC268B /* Pods_Challenged.framework */ = {isa = PBXFileReference; explicitFileType = wrapper.framework; includeInIndex = 0; path = Pods_Challenged.framework; sourceTree = BUILT_PRODUCTS_DIR; };
/* End PBXFileReference section */

/* Begin PBXFrameworksBuildPhase section */
		34A498472091B3080070A2F9 /* Frameworks */ = {
			isa = PBXFrameworksBuildPhase;
			buildActionMask = 2147483647;
			files = (
				FFFF762D8B53DBA8B91521DC /* Pods_Challenged.framework in Frameworks */,
			);
			runOnlyForDeploymentPostprocessing = 0;
		};
/* End PBXFrameworksBuildPhase section */

/* Begin PBXGroup section */
		344D926B2091B8CB00553719 /* Sounds */ = {
			isa = PBXGroup;
			children = (
				34181C0020928F94000C5789 /* shoot.mp3 */,
				34F1AD3D2092749800975215 /* splash.mp3 */,
				344D926C2091B8CB00553719 /* explosion.mp3 */,
			);
			path = Sounds;
			sourceTree = "<group>";
		};
		34A498412091B3080070A2F9 = {
			isa = PBXGroup;
			children = (
				34A4984C2091B3080070A2F9 /* Challenged */,
				34A4984B2091B3080070A2F9 /* Products */,
				6D474A243F0776E397B93BD6 /* Pods */,
				C8818059C548241F3D525F86 /* Frameworks */,
			);
			sourceTree = "<group>";
		};
		34A4984B2091B3080070A2F9 /* Products */ = {
			isa = PBXGroup;
			children = (
				34A4984A2091B3080070A2F9 /* Challenged.app */,
			);
			name = Products;
			sourceTree = "<group>";
		};
		34A4984C2091B3080070A2F9 /* Challenged */ = {
			isa = PBXGroup;
			children = (
				34A4984D2091B3080070A2F9 /* AppDelegate.swift */,
				34181BFE20928AEE000C5789 /* Assets.xcassets */,
				34A4984F2091B3080070A2F9 /* art.scnassets */,
				34A498512091B3080070A2F9 /* GameViewController.swift */,
				344D927A209229C900553719 /* GameViewController+SCNPhysicsContactDelegate.swift */,
				344D926E2091BA7300553719 /* GameViewController+ARSCNViewDelegate.swift */,
				34A498652091B3E10070A2F9 /* MainViewController.swift */,
				503DF64E2091D88700160F4D /* QRScannerController.swift */,
				503DF64A2091B92600160F4D /* ChallengeInfoViewController.swift */,
				503DF6492091B92600160F4D /* CollectionViewCell.swift */,
				503DF655209236D100160F4D /* SuccessViewController.swift */,
				34A498532091B3080070A2F9 /* Main.storyboard */,
				503DF6482091B92500160F4D /* CollectionViewCell.xib */,
				34A498582091B30A0070A2F9 /* LaunchScreen.storyboard */,
				34A4985B2091B30A0070A2F9 /* Info.plist */,
				344D92762092016E00553719 /* Challenges.plist */,
				503DF6502092217E00160F4D /* fonts */,
				344D926B2091B8CB00553719 /* Sounds */,
				34A498632091B3430070A2F9 /* Extensions */,
				34A498622091B3360070A2F9 /* Game Models */,
				34A498612091B3270070A2F9 /* UI Elements */,
			);
			path = Challenged;
			sourceTree = "<group>";
		};
		34A498612091B3270070A2F9 /* UI Elements */ = {
			isa = PBXGroup;
			children = (
				344D92672091B8B400553719 /* Robot.swift */,
				344D92652091B8B300553719 /* Bullet.swift */,
				344D92662091B8B300553719 /* Plane.swift */,
				344D92722091D2BE00553719 /* Sun.swift */,
			);
			path = "UI Elements";
			sourceTree = "<group>";
		};
		34A498622091B3360070A2F9 /* Game Models */ = {
			isa = PBXGroup;
			children = (
				344D92742091FFE900553719 /* ChallengeGame.swift */,
				344D9278209218E600553719 /* ChallengeInfo.swift */,
			);
			path = "Game Models";
			sourceTree = "<group>";
		};
		34A498632091B3430070A2F9 /* Extensions */ = {
			isa = PBXGroup;
			children = (
				344D92702091BE2100553719 /* Utilities.swift */,
			);
			path = Extensions;
			sourceTree = "<group>";
		};
		503DF6502092217E00160F4D /* fonts */ = {
			isa = PBXGroup;
			children = (
				503DF651209221C100160F4D /* autodestructbb_bold.ttf */,
				503DF652209221C100160F4D /* autodestructbb_reg.ttf */,
			);
			path = fonts;
			sourceTree = "<group>";
		};
		6D474A243F0776E397B93BD6 /* Pods */ = {
			isa = PBXGroup;
			children = (
				7AC1D72F28270721795D0BAA /* Pods-Challenged.debug.xcconfig */,
				911554F37AD134A8AA6360E7 /* Pods-Challenged.release.xcconfig */,
			);
			name = Pods;
			sourceTree = "<group>";
		};
		C8818059C548241F3D525F86 /* Frameworks */ = {
			isa = PBXGroup;
			children = (
				A47CB71D746CBFB43FFC268B /* Pods_Challenged.framework */,
			);
			name = Frameworks;
			sourceTree = "<group>";
		};
/* End PBXGroup section */

/* Begin PBXNativeTarget section */
		34A498492091B3080070A2F9 /* Challenged */ = {
			isa = PBXNativeTarget;
			buildConfigurationList = 34A4985E2091B30A0070A2F9 /* Build configuration list for PBXNativeTarget "Challenged" */;
			buildPhases = (
				AC275635C2AB75003C4DCB6B /* [CP] Check Pods Manifest.lock */,
				34A498462091B3080070A2F9 /* Sources */,
				34A498472091B3080070A2F9 /* Frameworks */,
				34A498482091B3080070A2F9 /* Resources */,
				F2E4D70BA6132E042DB742E6 /* [CP] Embed Pods Frameworks */,
			);
			buildRules = (
			);
			dependencies = (
			);
			name = Challenged;
			productName = Challenged;
			productReference = 34A4984A2091B3080070A2F9 /* Challenged.app */;
			productType = "com.apple.product-type.application";
		};
/* End PBXNativeTarget section */

/* Begin PBXProject section */
		34A498422091B3080070A2F9 /* Project object */ = {
			isa = PBXProject;
			attributes = {
				LastSwiftUpdateCheck = 0930;
				LastUpgradeCheck = 0930;
				ORGANIZATIONNAME = hackidc66;
				TargetAttributes = {
					34A498492091B3080070A2F9 = {
						CreatedOnToolsVersion = 9.3;
					};
				};
			};
			buildConfigurationList = 34A498452091B3080070A2F9 /* Build configuration list for PBXProject "Challenged" */;
			compatibilityVersion = "Xcode 9.3";
			developmentRegion = en;
			hasScannedForEncodings = 0;
			knownRegions = (
				en,
				Base,
			);
			mainGroup = 34A498412091B3080070A2F9;
			productRefGroup = 34A4984B2091B3080070A2F9 /* Products */;
			projectDirPath = "";
			projectRoot = "";
			targets = (
				34A498492091B3080070A2F9 /* Challenged */,
			);
		};
/* End PBXProject section */

/* Begin PBXResourcesBuildPhase section */
		34A498482091B3080070A2F9 /* Resources */ = {
			isa = PBXResourcesBuildPhase;
			buildActionMask = 2147483647;
			files = (
				34A498502091B3080070A2F9 /* art.scnassets in Resources */,
				34A4985A2091B30A0070A2F9 /* LaunchScreen.storyboard in Resources */,
				34181C0120928F94000C5789 /* shoot.mp3 in Resources */,
				503DF654209221C200160F4D /* autodestructbb_reg.ttf in Resources */,
				503DF653209221C200160F4D /* autodestructbb_bold.ttf in Resources */,
				34181BFF20928AEE000C5789 /* Assets.xcassets in Resources */,
				34A498552091B3080070A2F9 /* Main.storyboard in Resources */,
				344D926D2091B8CB00553719 /* explosion.mp3 in Resources */,
				503DF64B2091B92600160F4D /* CollectionViewCell.xib in Resources */,
				344D92772092016E00553719 /* Challenges.plist in Resources */,
				34F1AD3E2092749800975215 /* splash.mp3 in Resources */,
			);
			runOnlyForDeploymentPostprocessing = 0;
		};
/* End PBXResourcesBuildPhase section */

/* Begin PBXShellScriptBuildPhase section */
		AC275635C2AB75003C4DCB6B /* [CP] Check Pods Manifest.lock */ = {
			isa = PBXShellScriptBuildPhase;
			buildActionMask = 2147483647;
			files = (
			);
			inputPaths = (
				"${PODS_PODFILE_DIR_PATH}/Podfile.lock",
				"${PODS_ROOT}/Manifest.lock",
			);
			name = "[CP] Check Pods Manifest.lock";
			outputPaths = (
				"$(DERIVED_FILE_DIR)/Pods-Challenged-checkManifestLockResult.txt",
			);
			runOnlyForDeploymentPostprocessing = 0;
			shellPath = /bin/sh;
			shellScript = "diff \"${PODS_PODFILE_DIR_PATH}/Podfile.lock\" \"${PODS_ROOT}/Manifest.lock\" > /dev/null\nif [ $? != 0 ] ; then\n    # print error to STDERR\n    echo \"error: The sandbox is not in sync with the Podfile.lock. Run 'pod install' or update your CocoaPods installation.\" >&2\n    exit 1\nfi\n# This output is used by Xcode 'outputs' to avoid re-running this script phase.\necho \"SUCCESS\" > \"${SCRIPT_OUTPUT_FILE_0}\"\n";
			showEnvVarsInLog = 0;
		};
		F2E4D70BA6132E042DB742E6 /* [CP] Embed Pods Frameworks */ = {
			isa = PBXShellScriptBuildPhase;
			buildActionMask = 2147483647;
			files = (
			);
			inputPaths = (
				"${SRCROOT}/Pods/Target Support Files/Pods-Challenged/Pods-Challenged-frameworks.sh",
				"${BUILT_PRODUCTS_DIR}/FSPagerView/FSPagerView.framework",
				"${BUILT_PRODUCTS_DIR}/Hero/Hero.framework",
			);
			name = "[CP] Embed Pods Frameworks";
			outputPaths = (
				"${TARGET_BUILD_DIR}/${FRAMEWORKS_FOLDER_PATH}/FSPagerView.framework",
				"${TARGET_BUILD_DIR}/${FRAMEWORKS_FOLDER_PATH}/Hero.framework",
			);
			runOnlyForDeploymentPostprocessing = 0;
			shellPath = /bin/sh;
			shellScript = "\"${SRCROOT}/Pods/Target Support Files/Pods-Challenged/Pods-Challenged-frameworks.sh\"\n";
			showEnvVarsInLog = 0;
		};
/* End PBXShellScriptBuildPhase section */

/* Begin PBXSourcesBuildPhase section */
		34A498462091B3080070A2F9 /* Sources */ = {
			isa = PBXSourcesBuildPhase;
			buildActionMask = 2147483647;
			files = (
				34A498662091B3E10070A2F9 /* MainViewController.swift in Sources */,
				34A498522091B3080070A2F9 /* GameViewController.swift in Sources */,
				344D927B209229C900553719 /* GameViewController+SCNPhysicsContactDelegate.swift in Sources */,
				344D92692091B8B400553719 /* Plane.swift in Sources */,
				344D926A2091B8B400553719 /* Robot.swift in Sources */,
				34A4984E2091B3080070A2F9 /* AppDelegate.swift in Sources */,
				344D92682091B8B400553719 /* Bullet.swift in Sources */,
				344D92712091BE2100553719 /* Utilities.swift in Sources */,
				344D926F2091BA7300553719 /* GameViewController+ARSCNViewDelegate.swift in Sources */,
				344D92732091D2BE00553719 /* Sun.swift in Sources */,
				503DF64C2091B92600160F4D /* CollectionViewCell.swift in Sources */,
				503DF64D2091B92600160F4D /* ChallengeInfoViewController.swift in Sources */,
				344D9279209218E600553719 /* ChallengeInfo.swift in Sources */,
				503DF64F2091D88700160F4D /* QRScannerController.swift in Sources */,
				503DF656209236D100160F4D /* SuccessViewController.swift in Sources */,
				344D92752091FFE900553719 /* ChallengeGame.swift in Sources */,
			);
			runOnlyForDeploymentPostprocessing = 0;
		};
/* End PBXSourcesBuildPhase section */

/* Begin PBXVariantGroup section */
		34A498532091B3080070A2F9 /* Main.storyboard */ = {
			isa = PBXVariantGroup;
			children = (
				34A498542091B3080070A2F9 /* Base */,
			);
			name = Main.storyboard;
			sourceTree = "<group>";
		};
		34A498582091B30A0070A2F9 /* LaunchScreen.storyboard */ = {
			isa = PBXVariantGroup;
			children = (
				34A498592091B30A0070A2F9 /* Base */,
			);
			name = LaunchScreen.storyboard;
			sourceTree = "<group>";
		};
/* End PBXVariantGroup section */

/* Begin XCBuildConfiguration section */
		34A4985C2091B30A0070A2F9 /* Debug */ = {
			isa = XCBuildConfiguration;
			buildSettings = {
				ALWAYS_SEARCH_USER_PATHS = NO;
				CLANG_ANALYZER_NONNULL = YES;
				CLANG_ANALYZER_NUMBER_OBJECT_CONVERSION = YES_AGGRESSIVE;
				CLANG_CXX_LANGUAGE_STANDARD = "gnu++14";
				CLANG_CXX_LIBRARY = "libc++";
				CLANG_ENABLE_MODULES = YES;
				CLANG_ENABLE_OBJC_ARC = YES;
				CLANG_ENABLE_OBJC_WEAK = YES;
				CLANG_WARN_BLOCK_CAPTURE_AUTORELEASING = YES;
				CLANG_WARN_BOOL_CONVERSION = YES;
				CLANG_WARN_COMMA = YES;
				CLANG_WARN_CONSTANT_CONVERSION = YES;
				CLANG_WARN_DEPRECATED_OBJC_IMPLEMENTATIONS = YES;
				CLANG_WARN_DIRECT_OBJC_ISA_USAGE = YES_ERROR;
				CLANG_WARN_DOCUMENTATION_COMMENTS = YES;
				CLANG_WARN_EMPTY_BODY = YES;
				CLANG_WARN_ENUM_CONVERSION = YES;
				CLANG_WARN_INFINITE_RECURSION = YES;
				CLANG_WARN_INT_CONVERSION = YES;
				CLANG_WARN_NON_LITERAL_NULL_CONVERSION = YES;
				CLANG_WARN_OBJC_IMPLICIT_RETAIN_SELF = YES;
				CLANG_WARN_OBJC_LITERAL_CONVERSION = YES;
				CLANG_WARN_OBJC_ROOT_CLASS = YES_ERROR;
				CLANG_WARN_RANGE_LOOP_ANALYSIS = YES;
				CLANG_WARN_STRICT_PROTOTYPES = YES;
				CLANG_WARN_SUSPICIOUS_MOVE = YES;
				CLANG_WARN_UNGUARDED_AVAILABILITY = YES_AGGRESSIVE;
				CLANG_WARN_UNREACHABLE_CODE = YES;
				CLANG_WARN__DUPLICATE_METHOD_MATCH = YES;
				CODE_SIGN_IDENTITY = "iPhone Developer";
				COPY_PHASE_STRIP = NO;
				DEBUG_INFORMATION_FORMAT = dwarf;
				ENABLE_STRICT_OBJC_MSGSEND = YES;
				ENABLE_TESTABILITY = YES;
				GCC_C_LANGUAGE_STANDARD = gnu11;
				GCC_DYNAMIC_NO_PIC = NO;
				GCC_NO_COMMON_BLOCKS = YES;
				GCC_OPTIMIZATION_LEVEL = 0;
				GCC_PREPROCESSOR_DEFINITIONS = (
					"DEBUG=1",
					"$(inherited)",
				);
				GCC_WARN_64_TO_32_BIT_CONVERSION = YES;
				GCC_WARN_ABOUT_RETURN_TYPE = YES_ERROR;
				GCC_WARN_UNDECLARED_SELECTOR = YES;
				GCC_WARN_UNINITIALIZED_AUTOS = YES_AGGRESSIVE;
				GCC_WARN_UNUSED_FUNCTION = YES;
				GCC_WARN_UNUSED_VARIABLE = YES;
				IPHONEOS_DEPLOYMENT_TARGET = 11.3;
				MTL_ENABLE_DEBUG_INFO = YES;
				ONLY_ACTIVE_ARCH = YES;
				SDKROOT = iphoneos;
				SWIFT_ACTIVE_COMPILATION_CONDITIONS = DEBUG;
				SWIFT_OPTIMIZATION_LEVEL = "-Onone";
			};
			name = Debug;
		};
		34A4985D2091B30A0070A2F9 /* Release */ = {
			isa = XCBuildConfiguration;
			buildSettings = {
				ALWAYS_SEARCH_USER_PATHS = NO;
				CLANG_ANALYZER_NONNULL = YES;
				CLANG_ANALYZER_NUMBER_OBJECT_CONVERSION = YES_AGGRESSIVE;
				CLANG_CXX_LANGUAGE_STANDARD = "gnu++14";
				CLANG_CXX_LIBRARY = "libc++";
				CLANG_ENABLE_MODULES = YES;
				CLANG_ENABLE_OBJC_ARC = YES;
				CLANG_ENABLE_OBJC_WEAK = YES;
				CLANG_WARN_BLOCK_CAPTURE_AUTORELEASING = YES;
				CLANG_WARN_BOOL_CONVERSION = YES;
				CLANG_WARN_COMMA = YES;
				CLANG_WARN_CONSTANT_CONVERSION = YES;
				CLANG_WARN_DEPRECATED_OBJC_IMPLEMENTATIONS = YES;
				CLANG_WARN_DIRECT_OBJC_ISA_USAGE = YES_ERROR;
				CLANG_WARN_DOCUMENTATION_COMMENTS = YES;
				CLANG_WARN_EMPTY_BODY = YES;
				CLANG_WARN_ENUM_CONVERSION = YES;
				CLANG_WARN_INFINITE_RECURSION = YES;
				CLANG_WARN_INT_CONVERSION = YES;
				CLANG_WARN_NON_LITERAL_NULL_CONVERSION = YES;
				CLANG_WARN_OBJC_IMPLICIT_RETAIN_SELF = YES;
				CLANG_WARN_OBJC_LITERAL_CONVERSION = YES;
				CLANG_WARN_OBJC_ROOT_CLASS = YES_ERROR;
				CLANG_WARN_RANGE_LOOP_ANALYSIS = YES;
				CLANG_WARN_STRICT_PROTOTYPES = YES;
				CLANG_WARN_SUSPICIOUS_MOVE = YES;
				CLANG_WARN_UNGUARDED_AVAILABILITY = YES_AGGRESSIVE;
				CLANG_WARN_UNREACHABLE_CODE = YES;
				CLANG_WARN__DUPLICATE_METHOD_MATCH = YES;
				CODE_SIGN_IDENTITY = "iPhone Developer";
				COPY_PHASE_STRIP = NO;
				DEBUG_INFORMATION_FORMAT = "dwarf-with-dsym";
				ENABLE_NS_ASSERTIONS = NO;
				ENABLE_STRICT_OBJC_MSGSEND = YES;
				GCC_C_LANGUAGE_STANDARD = gnu11;
				GCC_NO_COMMON_BLOCKS = YES;
				GCC_WARN_64_TO_32_BIT_CONVERSION = YES;
				GCC_WARN_ABOUT_RETURN_TYPE = YES_ERROR;
				GCC_WARN_UNDECLARED_SELECTOR = YES;
				GCC_WARN_UNINITIALIZED_AUTOS = YES_AGGRESSIVE;
				GCC_WARN_UNUSED_FUNCTION = YES;
				GCC_WARN_UNUSED_VARIABLE = YES;
				IPHONEOS_DEPLOYMENT_TARGET = 11.3;
				MTL_ENABLE_DEBUG_INFO = NO;
				SDKROOT = iphoneos;
				SWIFT_COMPILATION_MODE = wholemodule;
				SWIFT_OPTIMIZATION_LEVEL = "-O";
				VALIDATE_PRODUCT = YES;
			};
			name = Release;
		};
		34A4985F2091B30A0070A2F9 /* Debug */ = {
			isa = XCBuildConfiguration;
			baseConfigurationReference = 7AC1D72F28270721795D0BAA /* Pods-Challenged.debug.xcconfig */;
			buildSettings = {
				ASSETCATALOG_COMPILER_APPICON_NAME = AppIcon;
				CODE_SIGN_STYLE = Automatic;
				DEVELOPMENT_TEAM = 7KB4BTXD92;
				INFOPLIST_FILE = Challenged/Info.plist;
				LD_RUNPATH_SEARCH_PATHS = (
					"$(inherited)",
					"@executable_path/Frameworks",
				);
				PRODUCT_BUNDLE_IDENTIFIER = com.hackidc66.Challenged;
				PRODUCT_NAME = "$(TARGET_NAME)";
				SWIFT_VERSION = 4.0;
				TARGETED_DEVICE_FAMILY = "1,2";
			};
			name = Debug;
		};
		34A498602091B30A0070A2F9 /* Release */ = {
			isa = XCBuildConfiguration;
			baseConfigurationReference = 911554F37AD134A8AA6360E7 /* Pods-Challenged.release.xcconfig */;
			buildSettings = {
				ASSETCATALOG_COMPILER_APPICON_NAME = AppIcon;
				CODE_SIGN_STYLE = Automatic;
				DEVELOPMENT_TEAM = 7KB4BTXD92;
				INFOPLIST_FILE = Challenged/Info.plist;
				LD_RUNPATH_SEARCH_PATHS = (
					"$(inherited)",
					"@executable_path/Frameworks",
				);
				PRODUCT_BUNDLE_IDENTIFIER = com.hackidc66.Challenged;
				PRODUCT_NAME = "$(TARGET_NAME)";
				SWIFT_VERSION = 4.0;
				TARGETED_DEVICE_FAMILY = "1,2";
			};
			name = Release;
		};
/* End XCBuildConfiguration section */

/* Begin XCConfigurationList section */
		34A498452091B3080070A2F9 /* Build configuration list for PBXProject "Challenged" */ = {
			isa = XCConfigurationList;
			buildConfigurations = (
				34A4985C2091B30A0070A2F9 /* Debug */,
				34A4985D2091B30A0070A2F9 /* Release */,
			);
			defaultConfigurationIsVisible = 0;
			defaultConfigurationName = Release;
		};
		34A4985E2091B30A0070A2F9 /* Build configuration list for PBXNativeTarget "Challenged" */ = {
			isa = XCConfigurationList;
			buildConfigurations = (
				34A4985F2091B30A0070A2F9 /* Debug */,
				34A498602091B30A0070A2F9 /* Release */,
			);
			defaultConfigurationIsVisible = 0;
			defaultConfigurationName = Release;
		};
/* End XCConfigurationList section */
	};
	rootObject = 34A498422091B3080070A2F9 /* Project object */;
}
